
Microsoft Visual Studio Solution File, Format Version 12.00
# Visual Studio Version 16
VisualStudioVersion = 16.0.31624.102
MinimumVisualStudioVersion = 10.0.40219.1
Project("{FAE04EC0-301F-11D3-BF4B-00C04F79EFBC}") = "Divo", "Divo.csproj", "{75C1163A-82D9-418E-B863-07F4A820384B}"
EndProject
Global
	GlobalSection(SolutionConfigurationPlatforms) = preSolution
		Debug|Any CPU = Debug|Any CPU
		Release|Any CPU = Release|Any CPU
	EndGlobalSection
	GlobalSection(ProjectConfigurationPlatforms) = postSolution
		{75C1163A-82D9-418E-B863-07F4A820384B}.Debug|Any CPU.ActiveCfg = Debug|Any CPU
		{75C1163A-82D9-418E-B863-07F4A820384B}.Debug|Any CPU.Build.0 = Debug|Any CPU
		{75C1163A-82D9-418E-B863-07F4A820384B}.Release|Any CPU.ActiveCfg = Release|Any CPU
		{75C1163A-82D9-418E-B863-07F4A820384B}.Release|Any CPU.Build.0 = Release|Any CPU
	EndGlobalSection
	GlobalSection(SolutionProperties) = preSolution
		HideSolutionNode = FALSE
	EndGlobalSection
	GlobalSection(ExtensibilityGlobals) = postSolution
		SolutionGuid = {B27ABCC4-55BB-41C7-9689-099181022AB8}
	EndGlobalSection
EndGlobal
