
Microsoft Visual Studio Solution File, Format Version 12.00
# Visual Studio Version 17
VisualStudioVersion = 17.0.32126.317
MinimumVisualStudioVersion = 10.0.40219.1
Project("{9A19103F-16F7-4668-BE54-9A1E7A4F7556}") = "Bloxmod", "Bloxmod\Bloxmod.csproj", "{4FF17E5A-C1F4-46A7-9D74-991ECD638B08}"
EndProject
Project("{9A19103F-16F7-4668-BE54-9A1E7A4F7556}") = "Bloxmod.Data", "Bloxmod.Data\Bloxmod.Data.csproj", "{5A10E646-7663-413E-8D3D-A688202EC897}"
EndProject
Project("{9A19103F-16F7-4668-BE54-9A1E7A4F7556}") = "Bloxmod.ApiLibrary", "Bloxmod.ApiLibrary\Bloxmod.ApiLibrary.csproj", "{6D86458B-1017-4B6E-B854-272B4302A72F}"
EndProject
Global
	GlobalSection(SolutionConfigurationPlatforms) = preSolution
		Debug|Any CPU = Debug|Any CPU
		Release|Any CPU = Release|Any CPU
	EndGlobalSection
	GlobalSection(ProjectConfigurationPlatforms) = postSolution
		{4FF17E5A-C1F4-46A7-9D74-991ECD638B08}.Debug|Any CPU.ActiveCfg = Debug|Any CPU
		{4FF17E5A-C1F4-46A7-9D74-991ECD638B08}.Debug|Any CPU.Build.0 = Debug|Any CPU
		{4FF17E5A-C1F4-46A7-9D74-991ECD638B08}.Release|Any CPU.ActiveCfg = Release|Any CPU
		{4FF17E5A-C1F4-46A7-9D74-991ECD638B08}.Release|Any CPU.Build.0 = Release|Any CPU
		{5A10E646-7663-413E-8D3D-A688202EC897}.Debug|Any CPU.ActiveCfg = Debug|Any CPU
		{5A10E646-7663-413E-8D3D-A688202EC897}.Debug|Any CPU.Build.0 = Debug|Any CPU
		{5A10E646-7663-413E-8D3D-A688202EC897}.Release|Any CPU.ActiveCfg = Release|Any CPU
		{5A10E646-7663-413E-8D3D-A688202EC897}.Release|Any CPU.Build.0 = Release|Any CPU
		{6D86458B-1017-4B6E-B854-272B4302A72F}.Debug|Any CPU.ActiveCfg = Debug|Any CPU
		{6D86458B-1017-4B6E-B854-272B4302A72F}.Debug|Any CPU.Build.0 = Debug|Any CPU
		{6D86458B-1017-4B6E-B854-272B4302A72F}.Release|Any CPU.ActiveCfg = Release|Any CPU
		{6D86458B-1017-4B6E-B854-272B4302A72F}.Release|Any CPU.Build.0 = Release|Any CPU
	EndGlobalSection
	GlobalSection(SolutionProperties) = preSolution
		HideSolutionNode = FALSE
	EndGlobalSection
	GlobalSection(ExtensibilityGlobals) = postSolution
		SolutionGuid = {2B438AF6-E0F4-4382-8FD2-F397A7FB50C8}
	EndGlobalSection
EndGlobal
