
Microsoft Visual Studio Solution File, Format Version 12.00
# Visual Studio Version 17
VisualStudioVersion = 17.4.33213.308
MinimumVisualStudioVersion = 10.0.40219.1
Project("{9A19103F-16F7-4668-BE54-9A1E7A4F7556}") = "WebUI", "WebUI\WebUI.csproj", "{047ED1DA-07A3-4E55-8F68-A6C76B275E24}"
EndProject
Project("{9A19103F-16F7-4668-BE54-9A1E7A4F7556}") = "Domain", "Domain\Domain.csproj", "{978E217F-439F-4DE0-B1C9-C242E2ED531B}"
EndProject
Project("{9A19103F-16F7-4668-BE54-9A1E7A4F7556}") = "Infrastructure", "Infrastructure\Infrastructure.csproj", "{31EA6E82-E761-4BD7-9432-840C007CED05}"
EndProject
Project("{9A19103F-16F7-4668-BE54-9A1E7A4F7556}") = "Application", "Application\Application.csproj", "{15550048-78DE-4C3D-9460-AB3541152AA4}"
EndProject
Project("{FAE04EC0-301F-11D3-BF4B-00C04F79EFBC}") = "DeleteUserBackgroundService", "DeleteUserBackgroundService\DeleteUserBackgroundService.csproj", "{6C9D7F95-54C8-43CE-8B6C-132C43E2D12F}"
EndProject
Global
	GlobalSection(SolutionConfigurationPlatforms) = preSolution
		Debug|Any CPU = Debug|Any CPU
		Release|Any CPU = Release|Any CPU
	EndGlobalSection
	GlobalSection(ProjectConfigurationPlatforms) = postSolution
		{047ED1DA-07A3-4E55-8F68-A6C76B275E24}.Debug|Any CPU.ActiveCfg = Debug|Any CPU
		{047ED1DA-07A3-4E55-8F68-A6C76B275E24}.Debug|Any CPU.Build.0 = Debug|Any CPU
		{047ED1DA-07A3-4E55-8F68-A6C76B275E24}.Release|Any CPU.ActiveCfg = Release|Any CPU
		{047ED1DA-07A3-4E55-8F68-A6C76B275E24}.Release|Any CPU.Build.0 = Release|Any CPU
		{978E217F-439F-4DE0-B1C9-C242E2ED531B}.Debug|Any CPU.ActiveCfg = Debug|Any CPU
		{978E217F-439F-4DE0-B1C9-C242E2ED531B}.Debug|Any CPU.Build.0 = Debug|Any CPU
		{978E217F-439F-4DE0-B1C9-C242E2ED531B}.Release|Any CPU.ActiveCfg = Release|Any CPU
		{978E217F-439F-4DE0-B1C9-C242E2ED531B}.Release|Any CPU.Build.0 = Release|Any CPU
		{31EA6E82-E761-4BD7-9432-840C007CED05}.Debug|Any CPU.ActiveCfg = Debug|Any CPU
		{31EA6E82-E761-4BD7-9432-840C007CED05}.Debug|Any CPU.Build.0 = Debug|Any CPU
		{31EA6E82-E761-4BD7-9432-840C007CED05}.Release|Any CPU.ActiveCfg = Release|Any CPU
		{31EA6E82-E761-4BD7-9432-840C007CED05}.Release|Any CPU.Build.0 = Release|Any CPU
		{15550048-78DE-4C3D-9460-AB3541152AA4}.Debug|Any CPU.ActiveCfg = Debug|Any CPU
		{15550048-78DE-4C3D-9460-AB3541152AA4}.Debug|Any CPU.Build.0 = Debug|Any CPU
		{15550048-78DE-4C3D-9460-AB3541152AA4}.Release|Any CPU.ActiveCfg = Release|Any CPU
		{15550048-78DE-4C3D-9460-AB3541152AA4}.Release|Any CPU.Build.0 = Release|Any CPU
		{6C9D7F95-54C8-43CE-8B6C-132C43E2D12F}.Debug|Any CPU.ActiveCfg = Debug|Any CPU
		{6C9D7F95-54C8-43CE-8B6C-132C43E2D12F}.Debug|Any CPU.Build.0 = Debug|Any CPU
		{6C9D7F95-54C8-43CE-8B6C-132C43E2D12F}.Release|Any CPU.ActiveCfg = Release|Any CPU
		{6C9D7F95-54C8-43CE-8B6C-132C43E2D12F}.Release|Any CPU.Build.0 = Release|Any CPU
	EndGlobalSection
	GlobalSection(SolutionProperties) = preSolution
		HideSolutionNode = FALSE
	EndGlobalSection
	GlobalSection(ExtensibilityGlobals) = postSolution
		SolutionGuid = {DCBF9146-2C8E-422F-88E0-6BB6D605430F}
	EndGlobalSection
EndGlobal
